# This file is automatically @generated by Cargo.
# It is not intended for manual editing.
version = 4

[[package]]
name = "sol"
version = "0.1.0"
dependencies = [
 "talm",
]

[[package]]
name = "talm"
version = "0.1.0"
source = "git+https://github.com/fisik-yum/talm.git#d88f2e0b43fedc97b9c3d0d317a7b4ebfeff62d8"
